
Microsoft Visual Studio Solution File, Format Version 12.00
# Visual Studio Version 17
VisualStudioVersion = 17.9.34701.34
MinimumVisualStudioVersion = 10.0.40219.1
Project("{9A19103F-16F7-4668-BE54-9A1E7A4F7556}") = "Projekt", "Projekt\Projekt.csproj", "{687D028A-23C6-45EA-9ABE-56DF2E649A89}"
EndProject
Project("{FAE04EC0-301F-11D3-BF4B-00C04F79EFBC}") = "TestProjekt", "TestProjekt\TestProjekt.csproj", "{D5779BE9-6690-4930-9C32-F503BAEE71F9}"
EndProject
Global
	GlobalSection(SolutionConfigurationPlatforms) = preSolution
		Debug|Any CPU = Debug|Any CPU
		Release|Any CPU = Release|Any CPU
	EndGlobalSection
	GlobalSection(ProjectConfigurationPlatforms) = postSolution
		{687D028A-23C6-45EA-9ABE-56DF2E649A89}.Debug|Any CPU.ActiveCfg = Debug|Any CPU
		{687D028A-23C6-45EA-9ABE-56DF2E649A89}.Debug|Any CPU.Build.0 = Debug|Any CPU
		{687D028A-23C6-45EA-9ABE-56DF2E649A89}.Release|Any CPU.ActiveCfg = Release|Any CPU
		{687D028A-23C6-45EA-9ABE-56DF2E649A89}.Release|Any CPU.Build.0 = Release|Any CPU
		{D5779BE9-6690-4930-9C32-F503BAEE71F9}.Debug|Any CPU.ActiveCfg = Debug|Any CPU
		{D5779BE9-6690-4930-9C32-F503BAEE71F9}.Debug|Any CPU.Build.0 = Debug|Any CPU
		{D5779BE9-6690-4930-9C32-F503BAEE71F9}.Release|Any CPU.ActiveCfg = Release|Any CPU
		{D5779BE9-6690-4930-9C32-F503BAEE71F9}.Release|Any CPU.Build.0 = Release|Any CPU
	EndGlobalSection
	GlobalSection(SolutionProperties) = preSolution
		HideSolutionNode = FALSE
	EndGlobalSection
	GlobalSection(ExtensibilityGlobals) = postSolution
		SolutionGuid = {CB0A8BE0-E882-4A37-8DB3-37C3F4A5E308}
	EndGlobalSection
EndGlobal
